{
  "version": 4,
  "terraform_version": "1.2.9",
  "serial": 80,
  "lineage": "fdbb2b28-16bc-8d71-9a1e-f864bad6561b",
  "outputs": {
    "ecr_endpoint_sample_1": {
      "value": "704587361071.dkr.ecr.us-east-1.amazonaws.com/terraform_sample1_development",
      "type": "string"
    },
    "ecr_endpoint_sample_2": {
      "value": "704587361071.dkr.ecr.us-east-1.amazonaws.com/terraform_sample2_development",
      "type": "string"
    },
    "ecr_image_name_sample_1": {
      "value": "terraform_sample1_development",
      "type": "string"
    },
    "ecr_image_name_sample_2": {
      "value": "terraform_sample2_development",
      "type": "string"
    }
  },
  "resources": [
    {
      "mode": "data",
      "type": "aws_ecr_repository",
      "name": "data_ecr_repository_sample_1",
      "provider": "provider[\"registry.terraform.io/hashicorp/aws\"]",
      "instances": [
        {
          "schema_version": 0,
          "attributes": {
            "arn": "arn:aws:ecr:us-east-1:704587361071:repository/terraform_sample1_development",
            "encryption_configuration": [
              {
                "encryption_type": "AES256",
                "kms_key": ""
              }
            ],
            "id": "terraform_sample1_development",
            "image_scanning_configuration": [
              {
                "scan_on_push": true
              }
            ],
            "image_tag_mutability": "MUTABLE",
            "name": "terraform_sample1_development",
            "registry_id": "704587361071",
            "repository_url": "704587361071.dkr.ecr.us-east-1.amazonaws.com/terraform_sample1_development",
            "tags": {
              "Name": "terraform_development"
            }
          },
          "sensitive_attributes": []
        }
      ]
    },
    {
      "mode": "data",
      "type": "aws_ecr_repository",
      "name": "data_ecr_repository_sample_2",
      "provider": "provider[\"registry.terraform.io/hashicorp/aws\"]",
      "instances": [
        {
          "schema_version": 0,
          "attributes": {
            "arn": "arn:aws:ecr:us-east-1:704587361071:repository/terraform_sample2_development",
            "encryption_configuration": [
              {
                "encryption_type": "AES256",
                "kms_key": ""
              }
            ],
            "id": "terraform_sample2_development",
            "image_scanning_configuration": [
              {
                "scan_on_push": true
              }
            ],
            "image_tag_mutability": "MUTABLE",
            "name": "terraform_sample2_development",
            "registry_id": "704587361071",
            "repository_url": "704587361071.dkr.ecr.us-east-1.amazonaws.com/terraform_sample2_development",
            "tags": {
              "Name": "terraform_development"
            }
          },
          "sensitive_attributes": []
        }
      ]
    },
    {
      "mode": "managed",
      "type": "aws_ecr_repository",
      "name": "ecr_repository_sample_1",
      "provider": "provider[\"registry.terraform.io/hashicorp/aws\"]",
      "instances": [
        {
          "schema_version": 0,
          "attributes": {
            "arn": "arn:aws:ecr:us-east-1:704587361071:repository/terraform_sample1_development",
            "encryption_configuration": [
              {
                "encryption_type": "AES256",
                "kms_key": ""
              }
            ],
            "force_delete": null,
            "id": "terraform_sample1_development",
            "image_scanning_configuration": [
              {
                "scan_on_push": true
              }
            ],
            "image_tag_mutability": "MUTABLE",
            "name": "terraform_sample1_development",
            "registry_id": "704587361071",
            "repository_url": "704587361071.dkr.ecr.us-east-1.amazonaws.com/terraform_sample1_development",
            "tags": {
              "Name": "terraform_development"
            },
            "tags_all": {
              "Name": "terraform_development"
            },
            "timeouts": null
          },
          "sensitive_attributes": [],
          "private": "eyJlMmJmYjczMC1lY2FhLTExZTYtOGY4OC0zNDM2M2JjN2M0YzAiOnsiZGVsZXRlIjoxMjAwMDAwMDAwMDAwfX0="
        }
      ]
    },
    {
      "mode": "managed",
      "type": "aws_ecr_repository",
      "name": "ecr_repository_sample_2",
      "provider": "provider[\"registry.terraform.io/hashicorp/aws\"]",
      "instances": [
        {
          "schema_version": 0,
          "attributes": {
            "arn": "arn:aws:ecr:us-east-1:704587361071:repository/terraform_sample2_development",
            "encryption_configuration": [
              {
                "encryption_type": "AES256",
                "kms_key": ""
              }
            ],
            "force_delete": null,
            "id": "terraform_sample2_development",
            "image_scanning_configuration": [
              {
                "scan_on_push": true
              }
            ],
            "image_tag_mutability": "MUTABLE",
            "name": "terraform_sample2_development",
            "registry_id": "704587361071",
            "repository_url": "704587361071.dkr.ecr.us-east-1.amazonaws.com/terraform_sample2_development",
            "tags": {
              "Name": "terraform_development"
            },
            "tags_all": {
              "Name": "terraform_development"
            },
            "timeouts": null
          },
          "sensitive_attributes": [],
          "private": "eyJlMmJmYjczMC1lY2FhLTExZTYtOGY4OC0zNDM2M2JjN2M0YzAiOnsiZGVsZXRlIjoxMjAwMDAwMDAwMDAwfX0="
        }
      ]
    },
    {
      "mode": "managed",
      "type": "aws_iam_role",
      "name": "eks_role",
      "provider": "provider[\"registry.terraform.io/hashicorp/aws\"]",
      "instances": [
        {
          "schema_version": 0,
          "attributes": {
            "arn": "arn:aws:iam::704587361071:role/terraform-20221105150727221700000001",
            "assume_role_policy": "{\"Statement\":[{\"Action\":\"sts:AssumeRole\",\"Effect\":\"Allow\",\"Principal\":{\"Service\":\"eks.amazonaws.com\"}}],\"Version\":\"2012-10-17\"}",
            "create_date": "2022-11-05T15:07:28Z",
            "description": "",
            "force_detach_policies": false,
            "id": "terraform-20221105150727221700000001",
            "inline_policy": [],
            "managed_policy_arns": [
              "arn:aws:iam::aws:policy/AmazonEKSClusterPolicy",
              "arn:aws:iam::aws:policy/AmazonEKSVPCResourceController"
            ],
            "max_session_duration": 3600,
            "name": "terraform-20221105150727221700000001",
            "name_prefix": "terraform-",
            "path": "/",
            "permissions_boundary": null,
            "tags": {
              "Name": "terraform_development"
            },
            "tags_all": {
              "Name": "terraform_development"
            },
            "unique_id": "AROA2IDFN5MXTTEVBSZYT"
          },
          "sensitive_attributes": [],
          "private": "bnVsbA=="
        }
      ]
    },
    {
      "mode": "managed",
      "type": "aws_iam_role_policy_attachment",
      "name": "role_policy_1",
      "provider": "provider[\"registry.terraform.io/hashicorp/aws\"]",
      "instances": [
        {
          "schema_version": 0,
          "attributes": {
            "id": "terraform-20221105150727221700000001-20221105150729896900000003",
            "policy_arn": "arn:aws:iam::aws:policy/AmazonEKSClusterPolicy",
            "role": "terraform-20221105150727221700000001"
          },
          "sensitive_attributes": [],
          "private": "bnVsbA==",
          "dependencies": [
            "aws_iam_role.eks_role"
          ]
        }
      ]
    },
    {
      "mode": "managed",
      "type": "aws_iam_role_policy_attachment",
      "name": "role_policy_2",
      "provider": "provider[\"registry.terraform.io/hashicorp/aws\"]",
      "instances": [
        {
          "schema_version": 0,
          "attributes": {
            "id": "terraform-20221105150727221700000001-20221105150729739300000002",
            "policy_arn": "arn:aws:iam::aws:policy/AmazonEKSVPCResourceController",
            "role": "terraform-20221105150727221700000001"
          },
          "sensitive_attributes": [],
          "private": "bnVsbA==",
          "dependencies": [
            "aws_iam_role.eks_role"
          ]
        }
      ]
    },
    {
      "mode": "managed",
      "type": "aws_subnet",
      "name": "subnet_1",
      "provider": "provider[\"registry.terraform.io/hashicorp/aws\"]",
      "instances": [
        {
          "schema_version": 1,
          "attributes": {
            "arn": "arn:aws:ec2:us-east-1:704587361071:subnet/subnet-072f2fa8a93984de6",
            "assign_ipv6_address_on_creation": false,
            "availability_zone": "us-east-1a",
            "availability_zone_id": "use1-az4",
            "cidr_block": "172.16.10.0/24",
            "customer_owned_ipv4_pool": "",
            "enable_dns64": false,
            "enable_resource_name_dns_a_record_on_launch": false,
            "enable_resource_name_dns_aaaa_record_on_launch": false,
            "id": "subnet-072f2fa8a93984de6",
            "ipv6_cidr_block": "",
            "ipv6_cidr_block_association_id": "",
            "ipv6_native": false,
            "map_customer_owned_ip_on_launch": false,
            "map_public_ip_on_launch": false,
            "outpost_arn": "",
            "owner_id": "704587361071",
            "private_dns_hostname_type_on_launch": "ip-name",
            "tags": {
              "Name": "terraform_development_1"
            },
            "tags_all": {
              "Name": "terraform_development_1"
            },
            "timeouts": null,
            "vpc_id": "vpc-0d630dbbc16453cd3"
          },
          "sensitive_attributes": [],
          "private": "eyJlMmJmYjczMC1lY2FhLTExZTYtOGY4OC0zNDM2M2JjN2M0YzAiOnsiY3JlYXRlIjo2MDAwMDAwMDAwMDAsImRlbGV0ZSI6MTIwMDAwMDAwMDAwMH0sInNjaGVtYV92ZXJzaW9uIjoiMSJ9",
          "dependencies": [
            "aws_vpc.vpc"
          ]
        }
      ]
    },
    {
      "mode": "managed",
      "type": "aws_subnet",
      "name": "subnet_2",
      "provider": "provider[\"registry.terraform.io/hashicorp/aws\"]",
      "instances": [
        {
          "schema_version": 1,
          "attributes": {
            "arn": "arn:aws:ec2:us-east-1:704587361071:subnet/subnet-083e9f6018809fa02",
            "assign_ipv6_address_on_creation": false,
            "availability_zone": "us-east-1b",
            "availability_zone_id": "use1-az6",
            "cidr_block": "172.16.11.0/24",
            "customer_owned_ipv4_pool": "",
            "enable_dns64": false,
            "enable_resource_name_dns_a_record_on_launch": false,
            "enable_resource_name_dns_aaaa_record_on_launch": false,
            "id": "subnet-083e9f6018809fa02",
            "ipv6_cidr_block": "",
            "ipv6_cidr_block_association_id": "",
            "ipv6_native": false,
            "map_customer_owned_ip_on_launch": false,
            "map_public_ip_on_launch": false,
            "outpost_arn": "",
            "owner_id": "704587361071",
            "private_dns_hostname_type_on_launch": "ip-name",
            "tags": {
              "Name": "terraform_development_2"
            },
            "tags_all": {
              "Name": "terraform_development_2"
            },
            "timeouts": null,
            "vpc_id": "vpc-0d630dbbc16453cd3"
          },
          "sensitive_attributes": [],
          "private": "eyJlMmJmYjczMC1lY2FhLTExZTYtOGY4OC0zNDM2M2JjN2M0YzAiOnsiY3JlYXRlIjo2MDAwMDAwMDAwMDAsImRlbGV0ZSI6MTIwMDAwMDAwMDAwMH0sInNjaGVtYV92ZXJzaW9uIjoiMSJ9",
          "dependencies": [
            "aws_vpc.vpc"
          ]
        }
      ]
    },
    {
      "mode": "managed",
      "type": "aws_vpc",
      "name": "vpc",
      "provider": "provider[\"registry.terraform.io/hashicorp/aws\"]",
      "instances": [
        {
          "schema_version": 1,
          "attributes": {
            "arn": "arn:aws:ec2:us-east-1:704587361071:vpc/vpc-0d630dbbc16453cd3",
            "assign_generated_ipv6_cidr_block": false,
            "cidr_block": "172.16.0.0/16",
            "default_network_acl_id": "acl-026226380779f4567",
            "default_route_table_id": "rtb-0ce25dd66813d5f3c",
            "default_security_group_id": "sg-0c0e8fad38c903475",
            "dhcp_options_id": "dopt-05ebd6bb6970085a1",
            "enable_classiclink": false,
            "enable_classiclink_dns_support": false,
            "enable_dns_hostnames": false,
            "enable_dns_support": true,
            "enable_network_address_usage_metrics": false,
            "id": "vpc-0d630dbbc16453cd3",
            "instance_tenancy": "default",
            "ipv4_ipam_pool_id": null,
            "ipv4_netmask_length": null,
            "ipv6_association_id": "",
            "ipv6_cidr_block": "",
            "ipv6_cidr_block_network_border_group": "",
            "ipv6_ipam_pool_id": "",
            "ipv6_netmask_length": 0,
            "main_route_table_id": "rtb-0ce25dd66813d5f3c",
            "owner_id": "704587361071",
            "tags": {
              "Name": "terraform_development"
            },
            "tags_all": {
              "Name": "terraform_development"
            }
          },
          "sensitive_attributes": [],
          "private": "eyJzY2hlbWFfdmVyc2lvbiI6IjEifQ=="
        }
      ]
    },
    {
      "mode": "managed",
      "type": "github_actions_environment_secret",
      "name": "gh_secret_ecr_endpoint_sample1",
      "provider": "provider[\"registry.terraform.io/integrations/github\"]",
      "instances": [
        {
          "schema_version": 0,
          "attributes": {
            "created_at": "2022-11-05 15:34:21 +0000 UTC",
            "encrypted_value": "",
            "environment": "development",
            "id": "monorepo:development:ECR_ENDPOINT_SAMPLE_1",
            "plaintext_value": "704587361071.dkr.ecr.us-east-1.amazonaws.com/terraform_sample1_development",
            "repository": "monorepo",
            "secret_name": "ECR_ENDPOINT_SAMPLE_1",
            "updated_at": "2022-11-05 15:34:21 +0000 UTC"
          },
          "sensitive_attributes": [],
          "private": "bnVsbA==",
          "dependencies": [
            "data.aws_ecr_repository.data_ecr_repository_sample_1",
            "github_repository_environment.gh_environment"
          ]
        }
      ]
    },
    {
      "mode": "managed",
      "type": "github_actions_environment_secret",
      "name": "gh_secret_ecr_endpoint_sample2",
      "provider": "provider[\"registry.terraform.io/integrations/github\"]",
      "instances": [
        {
          "schema_version": 0,
          "attributes": {
            "created_at": "2022-11-05 15:34:19 +0000 UTC",
            "encrypted_value": "",
            "environment": "development",
            "id": "monorepo:development:ECR_ENDPOINT_SAMPLE_2",
            "plaintext_value": "704587361071.dkr.ecr.us-east-1.amazonaws.com/terraform_sample2_development",
            "repository": "monorepo",
            "secret_name": "ECR_ENDPOINT_SAMPLE_2",
            "updated_at": "2022-11-05 15:34:19 +0000 UTC"
          },
          "sensitive_attributes": [],
          "private": "bnVsbA==",
          "dependencies": [
            "data.aws_ecr_repository.data_ecr_repository_sample_2",
            "github_repository_environment.gh_environment"
          ]
        }
      ]
    },
    {
      "mode": "managed",
      "type": "github_actions_environment_secret",
      "name": "gh_secret_ecr_image_name_sample1",
      "provider": "provider[\"registry.terraform.io/integrations/github\"]",
      "instances": [
        {
          "schema_version": 0,
          "attributes": {
            "created_at": "2022-11-05 15:31:25 +0000 UTC",
            "encrypted_value": "",
            "environment": "development",
            "id": "monorepo:development:ECR_IMAGE_NAME_SAMPLE_1",
            "plaintext_value": "terraform_sample1_development",
            "repository": "monorepo",
            "secret_name": "ECR_IMAGE_NAME_SAMPLE_1",
            "updated_at": "2022-11-05 15:31:25 +0000 UTC"
          },
          "sensitive_attributes": [],
          "private": "bnVsbA==",
          "dependencies": [
            "aws_ecr_repository.ecr_repository_sample_1",
            "data.aws_ecr_repository.data_ecr_repository_sample_1",
            "github_repository_environment.gh_environment"
          ]
        }
      ]
    },
    {
      "mode": "managed",
      "type": "github_actions_environment_secret",
      "name": "gh_secret_ecr_image_name_sample2",
      "provider": "provider[\"registry.terraform.io/integrations/github\"]",
      "instances": [
        {
          "schema_version": 0,
          "attributes": {
            "created_at": "2022-11-05 15:31:29 +0000 UTC",
            "encrypted_value": "",
            "environment": "development",
            "id": "monorepo:development:ECR_IMAGE_NAME_SAMPLE_2",
            "plaintext_value": "terraform_sample2_development",
            "repository": "monorepo",
            "secret_name": "ECR_IMAGE_NAME_SAMPLE_2",
            "updated_at": "2022-11-05 15:31:29 +0000 UTC"
          },
          "sensitive_attributes": [],
          "private": "bnVsbA==",
          "dependencies": [
            "aws_ecr_repository.ecr_repository_sample_2",
            "data.aws_ecr_repository.data_ecr_repository_sample_2",
            "github_repository_environment.gh_environment"
          ]
        }
      ]
    },
    {
      "mode": "managed",
      "type": "github_actions_secret",
      "name": "aws_deployoment_key_id",
      "provider": "provider[\"registry.terraform.io/integrations/github\"]",
      "instances": [
        {
          "schema_version": 0,
          "attributes": {
            "created_at": "2022-11-05 15:07:29 +0000 UTC",
            "encrypted_value": "",
            "id": "monorepo:AWS_ACCESS_KEY_ID",
            "plaintext_value": "AKIA2IDFN5MXWGNZJLGE",
            "repository": "monorepo",
            "secret_name": "AWS_ACCESS_KEY_ID",
            "updated_at": "2022-11-05 15:07:29 +0000 UTC"
          },
          "sensitive_attributes": [],
          "private": "bnVsbA=="
        }
      ]
    },
    {
      "mode": "managed",
      "type": "github_actions_secret",
      "name": "aws_deployoment_secret_access_key",
      "provider": "provider[\"registry.terraform.io/integrations/github\"]",
      "instances": [
        {
          "schema_version": 0,
          "attributes": {
            "created_at": "2022-11-05 15:07:28 +0000 UTC",
            "encrypted_value": "",
            "id": "monorepo:AWS_SECRET_ACCESS_KEY",
            "plaintext_value": "VwVobBj60GSJfVQbOMI9L3EGh8G6l9nYXEAm71ch",
            "repository": "monorepo",
            "secret_name": "AWS_SECRET_ACCESS_KEY",
            "updated_at": "2022-11-05 15:07:28 +0000 UTC"
          },
          "sensitive_attributes": [],
          "private": "bnVsbA=="
        }
      ]
    },
    {
      "mode": "managed",
      "type": "github_repository_environment",
      "name": "gh_environment",
      "provider": "provider[\"registry.terraform.io/integrations/github\"]",
      "instances": [
        {
          "schema_version": 0,
          "attributes": {
            "deployment_branch_policy": [],
            "environment": "development",
            "id": "monorepo:development",
            "repository": "monorepo",
            "reviewers": [],
            "wait_timer": null
          },
          "sensitive_attributes": [],
          "private": "bnVsbA=="
        }
      ]
    }
  ]
}
